
Microsoft Visual Studio Solution File, Format Version 12.00
# Visual Studio Version 17
VisualStudioVersion = 17.1.32414.318
MinimumVisualStudioVersion = 10.0.40219.1
Project("{9A19103F-16F7-4668-BE54-9A1E7A4F7556}") = "OxDistributedDb.Core", "OxDistributedDb.Core\OxDistributedDb.Core.csproj", "{46D8E211-9135-407A-992A-613B285D46AC}"
EndProject
Project("{9A19103F-16F7-4668-BE54-9A1E7A4F7556}") = "OxDistributedDb.Entity", "OxDistributedDb.Entity\OxDistributedDb.Entity.csproj", "{D5C6AF9D-3F9A-40BA-9996-C3938D9D3703}"
EndProject
Global
	GlobalSection(SolutionConfigurationPlatforms) = preSolution
		Debug|Any CPU = Debug|Any CPU
		Release|Any CPU = Release|Any CPU
	EndGlobalSection
	GlobalSection(ProjectConfigurationPlatforms) = postSolution
		{46D8E211-9135-407A-992A-613B285D46AC}.Debug|Any CPU.ActiveCfg = Debug|Any CPU
		{46D8E211-9135-407A-992A-613B285D46AC}.Debug|Any CPU.Build.0 = Debug|Any CPU
		{46D8E211-9135-407A-992A-613B285D46AC}.Release|Any CPU.ActiveCfg = Release|Any CPU
		{46D8E211-9135-407A-992A-613B285D46AC}.Release|Any CPU.Build.0 = Release|Any CPU
		{D5C6AF9D-3F9A-40BA-9996-C3938D9D3703}.Debug|Any CPU.ActiveCfg = Debug|Any CPU
		{D5C6AF9D-3F9A-40BA-9996-C3938D9D3703}.Debug|Any CPU.Build.0 = Debug|Any CPU
		{D5C6AF9D-3F9A-40BA-9996-C3938D9D3703}.Release|Any CPU.ActiveCfg = Release|Any CPU
		{D5C6AF9D-3F9A-40BA-9996-C3938D9D3703}.Release|Any CPU.Build.0 = Release|Any CPU
	EndGlobalSection
	GlobalSection(SolutionProperties) = preSolution
		HideSolutionNode = FALSE
	EndGlobalSection
	GlobalSection(ExtensibilityGlobals) = postSolution
		SolutionGuid = {A2B2D7A9-F60E-44E7-9254-78561EBD9F5C}
	EndGlobalSection
EndGlobal
